
Microsoft Visual Studio Solution File, Format Version 12.00
# Visual Studio Version 17
VisualStudioVersion = 17.2.32516.85
MinimumVisualStudioVersion = 10.0.40219.1
Project("{9A19103F-16F7-4668-BE54-9A1E7A4F7556}") = "chatApp", "chatApp\chatApp.csproj", "{F8E0D41B-5EDD-4183-B943-F5E1E53171B4}"
EndProject
Project("{9A19103F-16F7-4668-BE54-9A1E7A4F7556}") = "serverApp", "serverApp\serverApp.csproj", "{E9F744D2-9E29-45AB-ABB2-DB60C8F7444C}"
EndProject
Global
	GlobalSection(SolutionConfigurationPlatforms) = preSolution
		Debug|Any CPU = Debug|Any CPU
		Release|Any CPU = Release|Any CPU
	EndGlobalSection
	GlobalSection(ProjectConfigurationPlatforms) = postSolution
		{F8E0D41B-5EDD-4183-B943-F5E1E53171B4}.Debug|Any CPU.ActiveCfg = Debug|Any CPU
		{F8E0D41B-5EDD-4183-B943-F5E1E53171B4}.Debug|Any CPU.Build.0 = Debug|Any CPU
		{F8E0D41B-5EDD-4183-B943-F5E1E53171B4}.Release|Any CPU.ActiveCfg = Release|Any CPU
		{F8E0D41B-5EDD-4183-B943-F5E1E53171B4}.Release|Any CPU.Build.0 = Release|Any CPU
		{E9F744D2-9E29-45AB-ABB2-DB60C8F7444C}.Debug|Any CPU.ActiveCfg = Debug|Any CPU
		{E9F744D2-9E29-45AB-ABB2-DB60C8F7444C}.Debug|Any CPU.Build.0 = Debug|Any CPU
		{E9F744D2-9E29-45AB-ABB2-DB60C8F7444C}.Release|Any CPU.ActiveCfg = Release|Any CPU
		{E9F744D2-9E29-45AB-ABB2-DB60C8F7444C}.Release|Any CPU.Build.0 = Release|Any CPU
	EndGlobalSection
	GlobalSection(SolutionProperties) = preSolution
		HideSolutionNode = FALSE
	EndGlobalSection
	GlobalSection(ExtensibilityGlobals) = postSolution
		SolutionGuid = {37E8D3AA-3223-4EF9-B116-D1840622E432}
	EndGlobalSection
EndGlobal
